// !$*UTF8*$!
{
	archiveVersion = 1;
	classes = {
	};
	objectVersion = 56;
	objects = {

/* Begin PBXBuildFile section */
		0938CCD02A1E53EC00CF7780 /* TestCode2App.swift in Sources */ = {isa = PBXBuildFile; fileRef = 0938CCCF2A1E53EC00CF7780 /* TestCode2App.swift */; };
		0938CCD22A1E53EC00CF7780 /* ContentView.swift in Sources */ = {isa = PBXBuildFile; fileRef = 0938CCD12A1E53EC00CF7780 /* ContentView.swift */; };
		0938CCD42A1E53EE00CF7780 /* Assets.xcassets in Resources */ = {isa = PBXBuildFile; fileRef = 0938CCD32A1E53EE00CF7780 /* Assets.xcassets */; };
		0938CCD72A1E53EE00CF7780 /* Preview Assets.xcassets in Resources */ = {isa = PBXBuildFile; fileRef = 0938CCD62A1E53EE00CF7780 /* Preview Assets.xcassets */; };
		0938CCE12A1E53EE00CF7780 /* TestCode2Tests.swift in Sources */ = {isa = PBXBuildFile; fileRef = 0938CCE02A1E53EE00CF7780 /* TestCode2Tests.swift */; };
		0938CCEB2A1E53EE00CF7780 /* TestCode2UITests.swift in Sources */ = {isa = PBXBuildFile; fileRef = 0938CCEA2A1E53EE00CF7780 /* TestCode2UITests.swift */; };
		0938CCED2A1E53EE00CF7780 /* TestCode2UITestsLaunchTests.swift in Sources */ = {isa = PBXBuildFile; fileRef = 0938CCEC2A1E53EE00CF7780 /* TestCode2UITestsLaunchTests.swift */; };
/* End PBXBuildFile section */

/* Begin PBXContainerItemProxy section */
		0938CCDD2A1E53EE00CF7780 /* PBXContainerItemProxy */ = {
			isa = PBXContainerItemProxy;
			containerPortal = 0938CCC42A1E53EC00CF7780 /* Project object */;
			proxyType = 1;
			remoteGlobalIDString = 0938CCCB2A1E53EC00CF7780;
			remoteInfo = TestCode2;
		};
		0938CCE72A1E53EE00CF7780 /* PBXContainerItemProxy */ = {
			isa = PBXContainerItemProxy;
			containerPortal = 0938CCC42A1E53EC00CF7780 /* Project object */;
			proxyType = 1;
			remoteGlobalIDString = 0938CCCB2A1E53EC00CF7780;
			remoteInfo = TestCode2;
		};
/* End PBXContainerItemProxy section */

/* Begin PBXFileReference section */
		0938CCCC2A1E53EC00CF7780 /* TestCode2.app */ = {isa = PBXFileReference; explicitFileType = wrapper.application; includeInIndex = 0; path = TestCode2.app; sourceTree = BUILT_PRODUCTS_DIR; };
		0938CCCF2A1E53EC00CF7780 /* TestCode2App.swift */ = {isa = PBXFileReference; lastKnownFileType = sourcecode.swift; path = TestCode2App.swift; sourceTree = "<group>"; };
		0938CCD12A1E53EC00CF7780 /* ContentView.swift */ = {isa = PBXFileReference; lastKnownFileType = sourcecode.swift; path = ContentView.swift; sourceTree = "<group>"; };
		0938CCD32A1E53EE00CF7780 /* Assets.xcassets */ = {isa = PBXFileReference; lastKnownFileType = folder.assetcatalog; path = Assets.xcassets; sourceTree = "<group>"; };
		0938CCD62A1E53EE00CF7780 /* Preview Assets.xcassets */ = {isa = PBXFileReference; lastKnownFileType = folder.assetcatalog; path = "Preview Assets.xcassets"; sourceTree = "<group>"; };
		0938CCDC2A1E53EE00CF7780 /* TestCode2Tests.xctest */ = {isa = PBXFileReference; explicitFileType = wrapper.cfbundle; includeInIndex = 0; path = TestCode2Tests.xctest; sourceTree = BUILT_PRODUCTS_DIR; };
		0938CCE02A1E53EE00CF7780 /* TestCode2Tests.swift */ = {isa = PBXFileReference; lastKnownFileType = sourcecode.swift; path = TestCode2Tests.swift; sourceTree = "<group>"; };
		0938CCE62A1E53EE00CF7780 /* TestCode2UITests.xctest */ = {isa = PBXFileReference; explicitFileType = wrapper.cfbundle; includeInIndex = 0; path = TestCode2UITests.xctest; sourceTree = BUILT_PRODUCTS_DIR; };
		0938CCEA2A1E53EE00CF7780 /* TestCode2UITests.swift */ = {isa = PBXFileReference; lastKnownFileType = sourcecode.swift; path = TestCode2UITests.swift; sourceTree = "<group>"; };
		0938CCEC2A1E53EE00CF7780 /* TestCode2UITestsLaunchTests.swift */ = {isa = PBXFileReference; lastKnownFileType = sourcecode.swift; path = TestCode2UITestsLaunchTests.swift; sourceTree = "<group>"; };
/* End PBXFileReference section */

/* Begin PBXFrameworksBuildPhase section */
		0938CCC92A1E53EC00CF7780 /* Frameworks */ = {
			isa = PBXFrameworksBuildPhase;
			buildActionMask = 2147483647;
			files = (
			);
			runOnlyForDeploymentPostprocessing = 0;
		};
		0938CCD92A1E53EE00CF7780 /* Frameworks */ = {
			isa = PBXFrameworksBuildPhase;
			buildActionMask = 2147483647;
			files = (
			);
			runOnlyForDeploymentPostprocessing = 0;
		};
		0938CCE32A1E53EE00CF7780 /* Frameworks */ = {
			isa = PBXFrameworksBuildPhase;
			buildActionMask = 2147483647;
			files = (
			);
			runOnlyForDeploymentPostprocessing = 0;
		};
/* End PBXFrameworksBuildPhase section */

/* Begin PBXGroup section */
		0938CCC32A1E53EC00CF7780 = {
			isa = PBXGroup;
			children = (
				0938CCCE2A1E53EC00CF7780 /* TestCode2 */,
				0938CCDF2A1E53EE00CF7780 /* TestCode2Tests */,
				0938CCE92A1E53EE00CF7780 /* TestCode2UITests */,
				0938CCCD2A1E53EC00CF7780 /* Products */,
			);
			sourceTree = "<group>";
		};
		0938CCCD2A1E53EC00CF7780 /* Products */ = {
			isa = PBXGroup;
			children = (
				0938CCCC2A1E53EC00CF7780 /* TestCode2.app */,
				0938CCDC2A1E53EE00CF7780 /* TestCode2Tests.xctest */,
				0938CCE62A1E53EE00CF7780 /* TestCode2UITests.xctest */,
			);
			name = Products;
			sourceTree = "<group>";
		};
		0938CCCE2A1E53EC00CF7780 /* TestCode2 */ = {
			isa = PBXGroup;
			children = (
				0938CCCF2A1E53EC00CF7780 /* TestCode2App.swift */,
				0938CCD12A1E53EC00CF7780 /* ContentView.swift */,
				0938CCD32A1E53EE00CF7780 /* Assets.xcassets */,
				0938CCD52A1E53EE00CF7780 /* Preview Content */,
			);
			path = TestCode2;
			sourceTree = "<group>";
		};
		0938CCD52A1E53EE00CF7780 /* Preview Content */ = {
			isa = PBXGroup;
			children = (
				0938CCD62A1E53EE00CF7780 /* Preview Assets.xcassets */,
			);
			path = "Preview Content";
			sourceTree = "<group>";
		};
		0938CCDF2A1E53EE00CF7780 /* TestCode2Tests */ = {
			isa = PBXGroup;
			children = (
				0938CCE02A1E53EE00CF7780 /* TestCode2Tests.swift */,
			);
			path = TestCode2Tests;
			sourceTree = "<group>";
		};
		0938CCE92A1E53EE00CF7780 /* TestCode2UITests */ = {
			isa = PBXGroup;
			children = (
				0938CCEA2A1E53EE00CF7780 /* TestCode2UITests.swift */,
				0938CCEC2A1E53EE00CF7780 /* TestCode2UITestsLaunchTests.swift */,
			);
			path = TestCode2UITests;
			sourceTree = "<group>";
		};
/* End PBXGroup section */

/* Begin PBXNativeTarget section */
		0938CCCB2A1E53EC00CF7780 /* TestCode2 */ = {
			isa = PBXNativeTarget;
			buildConfigurationList = 0938CCF02A1E53EE00CF7780 /* Build configuration list for PBXNativeTarget "TestCode2" */;
			buildPhases = (
				0938CCC82A1E53EC00CF7780 /* Sources */,
				0938CCC92A1E53EC00CF7780 /* Frameworks */,
				0938CCCA2A1E53EC00CF7780 /* Resources */,
			);
			buildRules = (
			);
			dependencies = (
			);
			name = TestCode2;
			productName = TestCode2;
			productReference = 0938CCCC2A1E53EC00CF7780 /* TestCode2.app */;
			productType = "com.apple.product-type.application";
		};
		0938CCDB2A1E53EE00CF7780 /* TestCode2Tests */ = {
			isa = PBXNativeTarget;
			buildConfigurationList = 0938CCF32A1E53EE00CF7780 /* Build configuration list for PBXNativeTarget "TestCode2Tests" */;
			buildPhases = (
				0938CCD82A1E53EE00CF7780 /* Sources */,
				0938CCD92A1E53EE00CF7780 /* Frameworks */,
				0938CCDA2A1E53EE00CF7780 /* Resources */,
			);
			buildRules = (
			);
			dependencies = (
				0938CCDE2A1E53EE00CF7780 /* PBXTargetDependency */,
			);
			name = TestCode2Tests;
			productName = TestCode2Tests;
			productReference = 0938CCDC2A1E53EE00CF7780 /* TestCode2Tests.xctest */;
			productType = "com.apple.product-type.bundle.unit-test";
		};
		0938CCE52A1E53EE00CF7780 /* TestCode2UITests */ = {
			isa = PBXNativeTarget;
			buildConfigurationList = 0938CCF62A1E53EE00CF7780 /* Build configuration list for PBXNativeTarget "TestCode2UITests" */;
			buildPhases = (
				0938CCE22A1E53EE00CF7780 /* Sources */,
				0938CCE32A1E53EE00CF7780 /* Frameworks */,
				0938CCE42A1E53EE00CF7780 /* Resources */,
			);
			buildRules = (
			);
			dependencies = (
				0938CCE82A1E53EE00CF7780 /* PBXTargetDependency */,
			);
			name = TestCode2UITests;
			productName = TestCode2UITests;
			productReference = 0938CCE62A1E53EE00CF7780 /* TestCode2UITests.xctest */;
			productType = "com.apple.product-type.bundle.ui-testing";
		};
/* End PBXNativeTarget section */

/* Begin PBXProject section */
		0938CCC42A1E53EC00CF7780 /* Project object */ = {
			isa = PBXProject;
			attributes = {
				BuildIndependentTargetsInParallel = 1;
				LastSwiftUpdateCheck = 1430;
				LastUpgradeCheck = 1430;
				TargetAttributes = {
					0938CCCB2A1E53EC00CF7780 = {
						CreatedOnToolsVersion = 14.3;
					};
					0938CCDB2A1E53EE00CF7780 = {
						CreatedOnToolsVersion = 14.3;
						TestTargetID = 0938CCCB2A1E53EC00CF7780;
					};
					0938CCE52A1E53EE00CF7780 = {
						CreatedOnToolsVersion = 14.3;
						TestTargetID = 0938CCCB2A1E53EC00CF7780;
					};
				};
			};
			buildConfigurationList = 0938CCC72A1E53EC00CF7780 /* Build configuration list for PBXProject "TestCode2" */;
			compatibilityVersion = "Xcode 14.0";
			developmentRegion = en;
			hasScannedForEncodings = 0;
			knownRegions = (
				en,
				Base,
			);
			mainGroup = 0938CCC32A1E53EC00CF7780;
			productRefGroup = 0938CCCD2A1E53EC00CF7780 /* Products */;
			projectDirPath = "";
			projectRoot = "";
			targets = (
				0938CCCB2A1E53EC00CF7780 /* TestCode2 */,
				0938CCDB2A1E53EE00CF7780 /* TestCode2Tests */,
				0938CCE52A1E53EE00CF7780 /* TestCode2UITests */,
			);
		};
/* End PBXProject section */

/* Begin PBXResourcesBuildPhase section */
		0938CCCA2A1E53EC00CF7780 /* Resources */ = {
			isa = PBXResourcesBuildPhase;
			buildActionMask = 2147483647;
			files = (
				0938CCD72A1E53EE00CF7780 /* Preview Assets.xcassets in Resources */,
				0938CCD42A1E53EE00CF7780 /* Assets.xcassets in Resources */,
			);
			runOnlyForDeploymentPostprocessing = 0;
		};
		0938CCDA2A1E53EE00CF7780 /* Resources */ = {
			isa = PBXResourcesBuildPhase;
			buildActionMask = 2147483647;
			files = (
			);
			runOnlyForDeploymentPostprocessing = 0;
		};
		0938CCE42A1E53EE00CF7780 /* Resources */ = {
			isa = PBXResourcesBuildPhase;
			buildActionMask = 2147483647;
			files = (
			);
			runOnlyForDeploymentPostprocessing = 0;
		};
/* End PBXResourcesBuildPhase section */

/* Begin PBXSourcesBuildPhase section */
		0938CCC82A1E53EC00CF7780 /* Sources */ = {
			isa = PBXSourcesBuildPhase;
			buildActionMask = 2147483647;
			files = (
				0938CCD22A1E53EC00CF7780 /* ContentView.swift in Sources */,
				0938CCD02A1E53EC00CF7780 /* TestCode2App.swift in Sources */,
			);
			runOnlyForDeploymentPostprocessing = 0;
		};
		0938CCD82A1E53EE00CF7780 /* Sources */ = {
			isa = PBXSourcesBuildPhase;
			buildActionMask = 2147483647;
			files = (
				0938CCE12A1E53EE00CF7780 /* TestCode2Tests.swift in Sources */,
			);
			runOnlyForDeploymentPostprocessing = 0;
		};
		0938CCE22A1E53EE00CF7780 /* Sources */ = {
			isa = PBXSourcesBuildPhase;
			buildActionMask = 2147483647;
			files = (
				0938CCED2A1E53EE00CF7780 /* TestCode2UITestsLaunchTests.swift in Sources */,
				0938CCEB2A1E53EE00CF7780 /* TestCode2UITests.swift in Sources */,
			);
			runOnlyForDeploymentPostprocessing = 0;
		};
/* End PBXSourcesBuildPhase section */

/* Begin PBXTargetDependency section */
		0938CCDE2A1E53EE00CF7780 /* PBXTargetDependency */ = {
			isa = PBXTargetDependency;
			target = 0938CCCB2A1E53EC00CF7780 /* TestCode2 */;
			targetProxy = 0938CCDD2A1E53EE00CF7780 /* PBXContainerItemProxy */;
		};
		0938CCE82A1E53EE00CF7780 /* PBXTargetDependency */ = {
			isa = PBXTargetDependency;
			target = 0938CCCB2A1E53EC00CF7780 /* TestCode2 */;
			targetProxy = 0938CCE72A1E53EE00CF7780 /* PBXContainerItemProxy */;
		};
/* End PBXTargetDependency section */

/* Begin XCBuildConfiguration section */
		0938CCEE2A1E53EE00CF7780 /* Debug */ = {
			isa = XCBuildConfiguration;
			buildSettings = {
				ALWAYS_SEARCH_USER_PATHS = NO;
				CLANG_ANALYZER_NONNULL = YES;
				CLANG_ANALYZER_NUMBER_OBJECT_CONVERSION = YES_AGGRESSIVE;
				CLANG_CXX_LANGUAGE_STANDARD = "gnu++20";
				CLANG_ENABLE_MODULES = YES;
				CLANG_ENABLE_OBJC_ARC = YES;
				CLANG_ENABLE_OBJC_WEAK = YES;
				CLANG_WARN_BLOCK_CAPTURE_AUTORELEASING = YES;
				CLANG_WARN_BOOL_CONVERSION = YES;
				CLANG_WARN_COMMA = YES;
				CLANG_WARN_CONSTANT_CONVERSION = YES;
				CLANG_WARN_DEPRECATED_OBJC_IMPLEMENTATIONS = YES;
				CLANG_WARN_DIRECT_OBJC_ISA_USAGE = YES_ERROR;
				CLANG_WARN_DOCUMENTATION_COMMENTS = YES;
				CLANG_WARN_EMPTY_BODY = YES;
				CLANG_WARN_ENUM_CONVERSION = YES;
				CLANG_WARN_INFINITE_RECURSION = YES;
				CLANG_WARN_INT_CONVERSION = YES;
				CLANG_WARN_NON_LITERAL_NULL_CONVERSION = YES;
				CLANG_WARN_OBJC_IMPLICIT_RETAIN_SELF = YES;
				CLANG_WARN_OBJC_LITERAL_CONVERSION = YES;
				CLANG_WARN_OBJC_ROOT_CLASS = YES_ERROR;
				CLANG_WARN_QUOTED_INCLUDE_IN_FRAMEWORK_HEADER = YES;
				CLANG_WARN_RANGE_LOOP_ANALYSIS = YES;
				CLANG_WARN_STRICT_PROTOTYPES = YES;
				CLANG_WARN_SUSPICIOUS_MOVE = YES;
				CLANG_WARN_UNGUARDED_AVAILABILITY = YES_AGGRESSIVE;
				CLANG_WARN_UNREACHABLE_CODE = YES;
				CLANG_WARN__DUPLICATE_METHOD_MATCH = YES;
				COPY_PHASE_STRIP = NO;
				DEBUG_INFORMATION_FORMAT = dwarf;
				ENABLE_STRICT_OBJC_MSGSEND = YES;
				ENABLE_TESTABILITY = YES;
				GCC_C_LANGUAGE_STANDARD = gnu11;
				GCC_DYNAMIC_NO_PIC = NO;
				GCC_NO_COMMON_BLOCKS = YES;
				GCC_OPTIMIZATION_LEVEL = 0;
				GCC_PREPROCESSOR_DEFINITIONS = (
					"DEBUG=1",
					"$(inherited)",
				);
				GCC_WARN_64_TO_32_BIT_CONVERSION = YES;
				GCC_WARN_ABOUT_RETURN_TYPE = YES_ERROR;
				GCC_WARN_UNDECLARED_SELECTOR = YES;
				GCC_WARN_UNINITIALIZED_AUTOS = YES_AGGRESSIVE;
				GCC_WARN_UNUSED_FUNCTION = YES;
				GCC_WARN_UNUSED_VARIABLE = YES;
				IPHONEOS_DEPLOYMENT_TARGET = 16.4;
				MTL_ENABLE_DEBUG_INFO = INCLUDE_SOURCE;
				MTL_FAST_MATH = YES;
				ONLY_ACTIVE_ARCH = YES;
				SDKROOT = iphoneos;
				SWIFT_ACTIVE_COMPILATION_CONDITIONS = DEBUG;
				SWIFT_OPTIMIZATION_LEVEL = "-Onone";
			};
			name = Debug;
		};
		0938CCEF2A1E53EE00CF7780 /* Release */ = {
			isa = XCBuildConfiguration;
			buildSettings = {
				ALWAYS_SEARCH_USER_PATHS = NO;
				CLANG_ANALYZER_NONNULL = YES;
				CLANG_ANALYZER_NUMBER_OBJECT_CONVERSION = YES_AGGRESSIVE;
				CLANG_CXX_LANGUAGE_STANDARD = "gnu++20";
				CLANG_ENABLE_MODULES = YES;
				CLANG_ENABLE_OBJC_ARC = YES;
				CLANG_ENABLE_OBJC_WEAK = YES;
				CLANG_WARN_BLOCK_CAPTURE_AUTORELEASING = YES;
				CLANG_WARN_BOOL_CONVERSION = YES;
				CLANG_WARN_COMMA = YES;
				CLANG_WARN_CONSTANT_CONVERSION = YES;
				CLANG_WARN_DEPRECATED_OBJC_IMPLEMENTATIONS = YES;
				CLANG_WARN_DIRECT_OBJC_ISA_USAGE = YES_ERROR;
				CLANG_WARN_DOCUMENTATION_COMMENTS = YES;
				CLANG_WARN_EMPTY_BODY = YES;
				CLANG_WARN_ENUM_CONVERSION = YES;
				CLANG_WARN_INFINITE_RECURSION = YES;
				CLANG_WARN_INT_CONVERSION = YES;
				CLANG_WARN_NON_LITERAL_NULL_CONVERSION = YES;
				CLANG_WARN_OBJC_IMPLICIT_RETAIN_SELF = YES;
				CLANG_WARN_OBJC_LITERAL_CONVERSION = YES;
				CLANG_WARN_OBJC_ROOT_CLASS = YES_ERROR;
				CLANG_WARN_QUOTED_INCLUDE_IN_FRAMEWORK_HEADER = YES;
				CLANG_WARN_RANGE_LOOP_ANALYSIS = YES;
				CLANG_WARN_STRICT_PROTOTYPES = YES;
				CLANG_WARN_SUSPICIOUS_MOVE = YES;
				CLANG_WARN_UNGUARDED_AVAILABILITY = YES_AGGRESSIVE;
				CLANG_WARN_UNREACHABLE_CODE = YES;
				CLANG_WARN__DUPLICATE_METHOD_MATCH = YES;
				COPY_PHASE_STRIP = NO;
				DEBUG_INFORMATION_FORMAT = "dwarf-with-dsym";
				ENABLE_NS_ASSERTIONS = NO;
				ENABLE_STRICT_OBJC_MSGSEND = YES;
				GCC_C_LANGUAGE_STANDARD = gnu11;
				GCC_NO_COMMON_BLOCKS = YES;
				GCC_WARN_64_TO_32_BIT_CONVERSION = YES;
				GCC_WARN_ABOUT_RETURN_TYPE = YES_ERROR;
				GCC_WARN_UNDECLARED_SELECTOR = YES;
				GCC_WARN_UNINITIALIZED_AUTOS = YES_AGGRESSIVE;
				GCC_WARN_UNUSED_FUNCTION = YES;
				GCC_WARN_UNUSED_VARIABLE = YES;
				IPHONEOS_DEPLOYMENT_TARGET = 16.4;
				MTL_ENABLE_DEBUG_INFO = NO;
				MTL_FAST_MATH = YES;
				SDKROOT = iphoneos;
				SWIFT_COMPILATION_MODE = wholemodule;
				SWIFT_OPTIMIZATION_LEVEL = "-O";
				VALIDATE_PRODUCT = YES;
			};
			name = Release;
		};
		0938CCF12A1E53EE00CF7780 /* Debug */ = {
			isa = XCBuildConfiguration;
			buildSettings = {
				ASSETCATALOG_COMPILER_APPICON_NAME = AppIcon;
				ASSETCATALOG_COMPILER_GLOBAL_ACCENT_COLOR_NAME = AccentColor;
				CODE_SIGN_STYLE = Automatic;
				CURRENT_PROJECT_VERSION = 1;
				DEVELOPMENT_ASSET_PATHS = "\"TestCode2/Preview Content\"";
				DEVELOPMENT_TEAM = J8NG2572RV;
				ENABLE_PREVIEWS = YES;
				GENERATE_INFOPLIST_FILE = YES;
				INFOPLIST_KEY_UIApplicationSceneManifest_Generation = YES;
				INFOPLIST_KEY_UIApplicationSupportsIndirectInputEvents = YES;
				INFOPLIST_KEY_UILaunchScreen_Generation = YES;
				INFOPLIST_KEY_UISupportedInterfaceOrientations_iPad = "UIInterfaceOrientationPortrait UIInterfaceOrientationPortraitUpsideDown UIInterfaceOrientationLandscapeLeft UIInterfaceOrientationLandscapeRight";
				INFOPLIST_KEY_UISupportedInterfaceOrientations_iPhone = "UIInterfaceOrientationPortrait UIInterfaceOrientationLandscapeLeft UIInterfaceOrientationLandscapeRight";
				LD_RUNPATH_SEARCH_PATHS = (
					"$(inherited)",
					"@executable_path/Frameworks",
				);
				MARKETING_VERSION = 1.0;
				PRODUCT_BUNDLE_IDENTIFIER = com.yuutarou.TestCode2;
				PRODUCT_NAME = "$(TARGET_NAME)";
				SWIFT_EMIT_LOC_STRINGS = YES;
				SWIFT_VERSION = 5.0;
				TARGETED_DEVICE_FAMILY = "1,2";
			};
			name = Debug;
		};
		0938CCF22A1E53EE00CF7780 /* Release */ = {
			isa = XCBuildConfiguration;
			buildSettings = {
				ASSETCATALOG_COMPILER_APPICON_NAME = AppIcon;
				ASSETCATALOG_COMPILER_GLOBAL_ACCENT_COLOR_NAME = AccentColor;
				CODE_SIGN_STYLE = Automatic;
				CURRENT_PROJECT_VERSION = 1;
				DEVELOPMENT_ASSET_PATHS = "\"TestCode2/Preview Content\"";
				DEVELOPMENT_TEAM = J8NG2572RV;
				ENABLE_PREVIEWS = YES;
				GENERATE_INFOPLIST_FILE = YES;
				INFOPLIST_KEY_UIApplicationSceneManifest_Generation = YES;
				INFOPLIST_KEY_UIApplicationSupportsIndirectInputEvents = YES;
				INFOPLIST_KEY_UILaunchScreen_Generation = YES;
				INFOPLIST_KEY_UISupportedInterfaceOrientations_iPad = "UIInterfaceOrientationPortrait UIInterfaceOrientationPortraitUpsideDown UIInterfaceOrientationLandscapeLeft UIInterfaceOrientationLandscapeRight";
				INFOPLIST_KEY_UISupportedInterfaceOrientations_iPhone = "UIInterfaceOrientationPortrait UIInterfaceOrientationLandscapeLeft UIInterfaceOrientationLandscapeRight";
				LD_RUNPATH_SEARCH_PATHS = (
					"$(inherited)",
					"@executable_path/Frameworks",
				);
				MARKETING_VERSION = 1.0;
				PRODUCT_BUNDLE_IDENTIFIER = com.yuutarou.TestCode2;
				PRODUCT_NAME = "$(TARGET_NAME)";
				SWIFT_EMIT_LOC_STRINGS = YES;
				SWIFT_VERSION = 5.0;
				TARGETED_DEVICE_FAMILY = "1,2";
			};
			name = Release;
		};
		0938CCF42A1E53EE00CF7780 /* Debug */ = {
			isa = XCBuildConfiguration;
			buildSettings = {
				ALWAYS_EMBED_SWIFT_STANDARD_LIBRARIES = YES;
				BUNDLE_LOADER = "$(TEST_HOST)";
				CODE_SIGN_STYLE = Automatic;
				CURRENT_PROJECT_VERSION = 1;
				DEVELOPMENT_TEAM = J8NG2572RV;
				GENERATE_INFOPLIST_FILE = YES;
				IPHONEOS_DEPLOYMENT_TARGET = 16.4;
				MARKETING_VERSION = 1.0;
				PRODUCT_BUNDLE_IDENTIFIER = com.yuutarou.TestCode2Tests;
				PRODUCT_NAME = "$(TARGET_NAME)";
				SWIFT_EMIT_LOC_STRINGS = NO;
				SWIFT_VERSION = 5.0;
				TARGETED_DEVICE_FAMILY = "1,2";
				TEST_HOST = "$(BUILT_PRODUCTS_DIR)/TestCode2.app/$(BUNDLE_EXECUTABLE_FOLDER_PATH)/TestCode2";
			};
			name = Debug;
		};
		0938CCF52A1E53EE00CF7780 /* Release */ = {
			isa = XCBuildConfiguration;
			buildSettings = {
				ALWAYS_EMBED_SWIFT_STANDARD_LIBRARIES = YES;
				BUNDLE_LOADER = "$(TEST_HOST)";
				CODE_SIGN_STYLE = Automatic;
				CURRENT_PROJECT_VERSION = 1;
				DEVELOPMENT_TEAM = J8NG2572RV;
				GENERATE_INFOPLIST_FILE = YES;
				IPHONEOS_DEPLOYMENT_TARGET = 16.4;
				MARKETING_VERSION = 1.0;
				PRODUCT_BUNDLE_IDENTIFIER = com.yuutarou.TestCode2Tests;
				PRODUCT_NAME = "$(TARGET_NAME)";
				SWIFT_EMIT_LOC_STRINGS = NO;
				SWIFT_VERSION = 5.0;
				TARGETED_DEVICE_FAMILY = "1,2";
				TEST_HOST = "$(BUILT_PRODUCTS_DIR)/TestCode2.app/$(BUNDLE_EXECUTABLE_FOLDER_PATH)/TestCode2";
			};
			name = Release;
		};
		0938CCF72A1E53EE00CF7780 /* Debug */ = {
			isa = XCBuildConfiguration;
			buildSettings = {
				ALWAYS_EMBED_SWIFT_STANDARD_LIBRARIES = YES;
				CODE_SIGN_STYLE = Automatic;
				CURRENT_PROJECT_VERSION = 1;
				DEVELOPMENT_TEAM = J8NG2572RV;
				GENERATE_INFOPLIST_FILE = YES;
				MARKETING_VERSION = 1.0;
				PRODUCT_BUNDLE_IDENTIFIER = com.yuutarou.TestCode2UITests;
				PRODUCT_NAME = "$(TARGET_NAME)";
				SWIFT_EMIT_LOC_STRINGS = NO;
				SWIFT_VERSION = 5.0;
				TARGETED_DEVICE_FAMILY = "1,2";
				TEST_TARGET_NAME = TestCode2;
			};
			name = Debug;
		};
		0938CCF82A1E53EE00CF7780 /* Release */ = {
			isa = XCBuildConfiguration;
			buildSettings = {
				ALWAYS_EMBED_SWIFT_STANDARD_LIBRARIES = YES;
				CODE_SIGN_STYLE = Automatic;
				CURRENT_PROJECT_VERSION = 1;
				DEVELOPMENT_TEAM = J8NG2572RV;
				GENERATE_INFOPLIST_FILE = YES;
				MARKETING_VERSION = 1.0;
				PRODUCT_BUNDLE_IDENTIFIER = com.yuutarou.TestCode2UITests;
				PRODUCT_NAME = "$(TARGET_NAME)";
				SWIFT_EMIT_LOC_STRINGS = NO;
				SWIFT_VERSION = 5.0;
				TARGETED_DEVICE_FAMILY = "1,2";
				TEST_TARGET_NAME = TestCode2;
			};
			name = Release;
		};
/* End XCBuildConfiguration section */

/* Begin XCConfigurationList section */
		0938CCC72A1E53EC00CF7780 /* Build configuration list for PBXProject "TestCode2" */ = {
			isa = XCConfigurationList;
			buildConfigurations = (
				0938CCEE2A1E53EE00CF7780 /* Debug */,
				0938CCEF2A1E53EE00CF7780 /* Release */,
			);
			defaultConfigurationIsVisible = 0;
			defaultConfigurationName = Release;
		};
		0938CCF02A1E53EE00CF7780 /* Build configuration list for PBXNativeTarget "TestCode2" */ = {
			isa = XCConfigurationList;
			buildConfigurations = (
				0938CCF12A1E53EE00CF7780 /* Debug */,
				0938CCF22A1E53EE00CF7780 /* Release */,
			);
			defaultConfigurationIsVisible = 0;
			defaultConfigurationName = Release;
		};
		0938CCF32A1E53EE00CF7780 /* Build configuration list for PBXNativeTarget "TestCode2Tests" */ = {
			isa = XCConfigurationList;
			buildConfigurations = (
				0938CCF42A1E53EE00CF7780 /* Debug */,
				0938CCF52A1E53EE00CF7780 /* Release */,
			);
			defaultConfigurationIsVisible = 0;
			defaultConfigurationName = Release;
		};
		0938CCF62A1E53EE00CF7780 /* Build configuration list for PBXNativeTarget "TestCode2UITests" */ = {
			isa = XCConfigurationList;
			buildConfigurations = (
				0938CCF72A1E53EE00CF7780 /* Debug */,
				0938CCF82A1E53EE00CF7780 /* Release */,
			);
			defaultConfigurationIsVisible = 0;
			defaultConfigurationName = Release;
		};
/* End XCConfigurationList section */
	};
	rootObject = 0938CCC42A1E53EC00CF7780 /* Project object */;
}
